github.com/BurntSushi/toml v1.5.0 h1:W5quZX/G/csjUnuI8SUYlsHs9M38FC7znL0lIO+DvMg=
github.com/BurntSushi/toml v1.5.0/go.mod h1:ukJfTF/6rtPPRCnwkur4qwRxa8vTRFBF0uk2lLoLwho=
github.com/alexkohler/nakedret/v2 v2.0.6 h1:ME3Qef1/KIKr3kWX3nti3hhgNxw6aqN5pZmQiFSsuzQ=
github.com/alexkohler/nakedret/v2 v2.0.6/go.mod h1:l3RKju/IzOMQHmsEvXwkqMDzHHvurNQfAgE1eVmT40Q=
github.com/davecgh/go-spew v1.1.1 h1:vj9j/u1bqnvCEfJOwUhtlOARqs3+rkHYY13jYWTU97c=
github.com/davecgh/go-spew v1.1.1/go.mod h1:J7Y8YcW2NihsgmVo/mv3lAwl/skON4iLHjSsI+c5H38=
github.com/google/go-cmp v0.6.0 h1:ofyhxvXcZhMsU5ulbFiLKl/XBFqE1GSq7atu8tAmTRI=
github.com/google/go-cmp v0.6.0/go.mod h1:17dUlkBOakJ0+DkrSSNjCkIjxS6bF9zb3elmeNGIjoY=
github.com/kisielk/errcheck v1.9.0 h1:9xt1zI9EBfcYBvdU1nVrzMzzUPUtPKs9bVSIM3TAb3M=
github.com/kisielk/errcheck v1.9.0/go.mod h1:kQxWMMVZgIkDq7U8xtG/n2juOjbLgZtedi0D+/VL/i8=
github.com/klauspost/compress v1.18.2 h1:iiPHWW0YrcFgpBYhsA6D1+fqHssJscY/Tm/y2Uqnapk=
github.com/klauspost/compress v1.18.2/go.mod h1:R0h/fSBs8DE4ENlcrlib3PsXS61voFxhIs2DeRhCvJ4=
github.com/magefile/mage v1.15.0 h1:BvGheCMAsG3bWUDbZ8AyXXpCNwU9u5CB6sM+HNb9HYg=
github.com/magefile/mage v1.15.0/go.mod h1:z5UZb/iS3GoOSn0JgWuiw7dxlurVYTu+/jHXqQg881A=
github.com/mcandre/factorio v0.0.17 h1:k3XoJNM/oZMZu7i++iBE2U6g5szKAM1TlfU3dSW4X4w=
github.com/mcandre/factorio v0.0.17/go.mod h1:5/TK1Qdf4Ghb6Y+MPqwlvkkKJfbXPoUsxpCNEweqrmM=
github.com/mcandre/mage-extras v0.0.32 h1:tlKys4fY6SBwlK66Um6h1iKKgaB+qDHROGBI9fikJ0E=
github.com/mcandre/mage-extras v0.0.32/go.mod h1:DwsxMvSSKhILM/3XHAK3z5t8m65nNFgleYE6vDH/GM8=
github.com/pmezard/go-difflib v1.0.0 h1:4DBwDE0NGyQoBHbLQYPwSUPoCMWR5BEzIk/f1lZbAQM=
github.com/pmezard/go-difflib v1.0.0/go.mod h1:iKH77koFhYxTK1pcRnkKkqfTogsbg7gZNVY4sRDYZ/4=
github.com/saracen/fastzip v0.2.0 h1:896eirt4TCjUQj/mMKIvh/HoJkUXDRljMmv1SYeuUNE=
github.com/saracen/fastzip v0.2.0/go.mod h1:s0X80kMEaqaZsYrsT4aUz7fTHBTVyS9lU8AzLJ/yC3U=
github.com/saracen/zipextra v0.0.0-20250129175152-f1aa42d25216 h1:8zyjtFyKi5NJySVOJRiHmSN1vl6qugQ5n9C4X7WyY3U=
github.com/saracen/zipextra v0.0.0-20250129175152-f1aa42d25216/go.mod h1:hnzuad9d2wdd3z8fC6UouHQK5qZxqv3F/E6MMzXc7q0=
github.com/stretchr/testify v1.10.0 h1:Xv5erBjTwe/5IxqUQTdXv5kgmIvbHo3QQyRwhJsOfJA=
github.com/stretchr/testify v1.10.0/go.mod h1:r2ic/lqez/lEtzL7wO/rwa5dbSLXVDPFyf8C91i36aY=
golang.org/x/exp/typeparams v0.0.0-20250408133849-7e4ce0ab07d0 h1:oMe07YcizemJ09rs2kRkFYAp0pt4e1lYLwPWiEGMpXE=
golang.org/x/exp/typeparams v0.0.0-20250408133849-7e4ce0ab07d0/go.mod h1:LKZHyeOpPuZcMgxeHjJp4p5yvxrCX1xDvH10zYHhjjQ=
golang.org/x/mod v0.24.0 h1:ZfthKaKaT4NrhGVZHO1/WDTwGES4De8KtWO0SIbNJMU=
golang.org/x/mod v0.24.0/go.mod h1:IXM97Txy2VM4PJ3gI61r1YEk/gAj6zAHN3AdZt6S9Ww=
golang.org/x/sync v0.19.0 h1:vV+1eWNmZ5geRlYjzm2adRgW2/mcpevXNg50YZtPCE4=
golang.org/x/sync v0.19.0/go.mod h1:9KTHXmSnoGruLpwFjVSX0lNNA75CykiMECbovNTZqGI=
golang.org/x/sys v0.39.0 h1:CvCKL8MeisomCi6qNZ+wbb0DN9E5AATixKsvNtMoMFk=
golang.org/x/sys v0.39.0/go.mod h1:OgkHotnGiDImocRcuBABYBEXf8A9a87e/uXjp9XT3ks=
golang.org/x/tools v0.32.0 h1:Q7N1vhpkQv7ybVzLFtTjvQya2ewbwNDZzUgfXGqtMWU=
golang.org/x/tools v0.32.0/go.mod h1:ZxrU41P/wAbZD8EDa6dDCa6XfpkhJ7HFMjHJXfBDu8s=
gopkg.in/yaml.v3 v3.0.1 h1:fxVm/GzAzEWqLHuvctI91KS9hhNmmWOoWu0XTYJS7CA=
gopkg.in/yaml.v3 v3.0.1/go.mod h1:K4uyk7z7BCEPqu6E+C64Yfv1cQ7kz7rIZviUmN+EgEM=
honnef.co/go/tools v0.6.1 h1:R094WgE8K4JirYjBaOpz/AvTyUu/3wbmAoskKN/pxTI=
honnef.co/go/tools v0.6.1/go.mod h1:3puzxxljPCe8RGJX7BIy1plGbxEOZni5mR2aXe3/uk4=
